// !$*UTF8*$!
{
	archiveVersion = 1;
	classes = {
	};
	objectVersion = 46;
	objects = {

/* Begin PBXBuildFile section */
		24E99AC31B83A2670043F6B5 /* main.m in Sources */ = {isa = PBXBuildFile; fileRef = 24E99AC21B83A2670043F6B5 /* main.m */; };
		24E99AC61B83A2670043F6B5 /* AppDelegate.m in Sources */ = {isa = PBXBuildFile; fileRef = 24E99AC51B83A2670043F6B5 /* AppDelegate.m */; };
		24E99AC91B83A2670043F6B5 /* ViewController.m in Sources */ = {isa = PBXBuildFile; fileRef = 24E99AC81B83A2670043F6B5 /* ViewController.m */; };
		24E99ACC1B83A2680043F6B5 /* Main.storyboard in Resources */ = {isa = PBXBuildFile; fileRef = 24E99ACA1B83A2680043F6B5 /* Main.storyboard */; };
		24E99ACE1B83A2680043F6B5 /* Images.xcassets in Resources */ = {isa = PBXBuildFile; fileRef = 24E99ACD1B83A2680043F6B5 /* Images.xcassets */; };
		24E99AD11B83A2680043F6B5 /* LaunchScreen.xib in Resources */ = {isa = PBXBuildFile; fileRef = 24E99ACF1B83A2680043F6B5 /* LaunchScreen.xib */; };
		24E99ADD1B83A2680043F6B5 /* GitTestTests.m in Sources */ = {isa = PBXBuildFile; fileRef = 24E99ADC1B83A2680043F6B5 /* GitTestTests.m */; };
/* End PBXBuildFile section */

/* Begin PBXContainerItemProxy section */
		24E99AD71B83A2680043F6B5 /* PBXContainerItemProxy */ = {
			isa = PBXContainerItemProxy;
			containerPortal = 24E99AB51B83A2670043F6B5 /* Project object */;
			proxyType = 1;
			remoteGlobalIDString = 24E99ABC1B83A2670043F6B5;
			remoteInfo = GitTest;
		};
/* End PBXContainerItemProxy section */

/* Begin PBXFileReference section */
		24E99ABD1B83A2670043F6B5 /* GitTest.app */ = {isa = PBXFileReference; explicitFileType = wrapper.application; includeInIndex = 0; path = GitTest.app; sourceTree = BUILT_PRODUCTS_DIR; };
		24E99AC11B83A2670043F6B5 /* Info.plist */ = {isa = PBXFileReference; lastKnownFileType = text.plist.xml; path = Info.plist; sourceTree = "<group>"; };
		24E99AC21B83A2670043F6B5 /* main.m */ = {isa = PBXFileReference; lastKnownFileType = sourcecode.c.objc; path = main.m; sourceTree = "<group>"; };
		24E99AC41B83A2670043F6B5 /* AppDelegate.h */ = {isa = PBXFileReference; lastKnownFileType = sourcecode.c.h; path = AppDelegate.h; sourceTree = "<group>"; };
		24E99AC51B83A2670043F6B5 /* AppDelegate.m */ = {isa = PBXFileReference; lastKnownFileType = sourcecode.c.objc; path = AppDelegate.m; sourceTree = "<group>"; };
		24E99AC71B83A2670043F6B5 /* ViewController.h */ = {isa = PBXFileReference; lastKnownFileType = sourcecode.c.h; path = ViewController.h; sourceTree = "<group>"; };
		24E99AC81B83A2670043F6B5 /* ViewController.m */ = {isa = PBXFileReference; lastKnownFileType = sourcecode.c.objc; path = ViewController.m; sourceTree = "<group>"; };
		24E99ACB1B83A2680043F6B5 /* Base */ = {isa = PBXFileReference; lastKnownFileType = file.storyboard; name = Base; path = Base.lproj/Main.storyboard; sourceTree = "<group>"; };
		24E99ACD1B83A2680043F6B5 /* Images.xcassets */ = {isa = PBXFileReference; lastKnownFileType = folder.assetcatalog; path = Images.xcassets; sourceTree = "<group>"; };
		24E99AD01B83A2680043F6B5 /* Base */ = {isa = PBXFileReference; lastKnownFileType = file.xib; name = Base; path = Base.lproj/LaunchScreen.xib; sourceTree = "<group>"; };
		24E99AD61B83A2680043F6B5 /* GitTestTests.xctest */ = {isa = PBXFileReference; explicitFileType = wrapper.cfbundle; includeInIndex = 0; path = GitTestTests.xctest; sourceTree = BUILT_PRODUCTS_DIR; };
		24E99ADB1B83A2680043F6B5 /* Info.plist */ = {isa = PBXFileReference; lastKnownFileType = text.plist.xml; path = Info.plist; sourceTree = "<group>"; };
		24E99ADC1B83A2680043F6B5 /* GitTestTests.m */ = {isa = PBXFileReference; lastKnownFileType = sourcecode.c.objc; path = GitTestTests.m; sourceTree = "<group>"; };
/* End PBXFileReference section */

/* Begin PBXFrameworksBuildPhase section */
		24E99ABA1B83A2670043F6B5 /* Frameworks */ = {
			isa = PBXFrameworksBuildPhase;
			buildActionMask = 2147483647;
			files = (
			);
			runOnlyForDeploymentPostprocessing = 0;
		};
		24E99AD31B83A2680043F6B5 /* Frameworks */ = {
			isa = PBXFrameworksBuildPhase;
			buildActionMask = 2147483647;
			files = (
			);
			runOnlyForDeploymentPostprocessing = 0;
		};
/* End PBXFrameworksBuildPhase section */

/* Begin PBXGroup section */
		24E99AB41B83A2670043F6B5 = {
			isa = PBXGroup;
			children = (
				24E99ABF1B83A2670043F6B5 /* GitTest */,
				24E99AD91B83A2680043F6B5 /* GitTestTests */,
				24E99ABE1B83A2670043F6B5 /* Products */,
			);
			sourceTree = "<group>";
		};
		24E99ABE1B83A2670043F6B5 /* Products */ = {
			isa = PBXGroup;
			children = (
				24E99ABD1B83A2670043F6B5 /* GitTest.app */,
				24E99AD61B83A2680043F6B5 /* GitTestTests.xctest */,
			);
			name = Products;
			sourceTree = "<group>";
		};
		24E99ABF1B83A2670043F6B5 /* GitTest */ = {
			isa = PBXGroup;
			children = (
				24E99AC41B83A2670043F6B5 /* AppDelegate.h */,
				24E99AC51B83A2670043F6B5 /* AppDelegate.m */,
				24E99AC71B83A2670043F6B5 /* ViewController.h */,
				24E99AC81B83A2670043F6B5 /* ViewController.m */,
				24E99ACA1B83A2680043F6B5 /* Main.storyboard */,
				24E99ACD1B83A2680043F6B5 /* Images.xcassets */,
				24E99ACF1B83A2680043F6B5 /* LaunchScreen.xib */,
				24E99AC01B83A2670043F6B5 /* Supporting Files */,
			);
			path = GitTest;
			sourceTree = "<group>";
		};
		24E99AC01B83A2670043F6B5 /* Supporting Files */ = {
			isa = PBXGroup;
			children = (
				24E99AC11B83A2670043F6B5 /* Info.plist */,
				24E99AC21B83A2670043F6B5 /* main.m */,
			);
			name = "Supporting Files";
			sourceTree = "<group>";
		};
		24E99AD91B83A2680043F6B5 /* GitTestTests */ = {
			isa = PBXGroup;
			children = (
				24E99ADC1B83A2680043F6B5 /* GitTestTests.m */,
				24E99ADA1B83A2680043F6B5 /* Supporting Files */,
			);
			path = GitTestTests;
			sourceTree = "<group>";
		};
		24E99ADA1B83A2680043F6B5 /* Supporting Files */ = {
			isa = PBXGroup;
			children = (
				24E99ADB1B83A2680043F6B5 /* Info.plist */,
			);
			name = "Supporting Files";
			sourceTree = "<group>";
		};
/* End PBXGroup section */

/* Begin PBXNativeTarget section */
		24E99ABC1B83A2670043F6B5 /* GitTest */ = {
			isa = PBXNativeTarget;
			buildConfigurationList = 24E99AE01B83A2680043F6B5 /* Build configuration list for PBXNativeTarget "GitTest" */;
			buildPhases = (
				24E99AB91B83A2670043F6B5 /* Sources */,
				24E99ABA1B83A2670043F6B5 /* Frameworks */,
				24E99ABB1B83A2670043F6B5 /* Resources */,
			);
			buildRules = (
			);
			dependencies = (
			);
			name = GitTest;
			productName = GitTest;
			productReference = 24E99ABD1B83A2670043F6B5 /* GitTest.app */;
			productType = "com.apple.product-type.application";
		};
		24E99AD51B83A2680043F6B5 /* GitTestTests */ = {
			isa = PBXNativeTarget;
			buildConfigurationList = 24E99AE31B83A2680043F6B5 /* Build configuration list for PBXNativeTarget "GitTestTests" */;
			buildPhases = (
				24E99AD21B83A2680043F6B5 /* Sources */,
				24E99AD31B83A2680043F6B5 /* Frameworks */,
				24E99AD41B83A2680043F6B5 /* Resources */,
			);
			buildRules = (
			);
			dependencies = (
				24E99AD81B83A2680043F6B5 /* PBXTargetDependency */,
			);
			name = GitTestTests;
			productName = GitTestTests;
			productReference = 24E99AD61B83A2680043F6B5 /* GitTestTests.xctest */;
			productType = "com.apple.product-type.bundle.unit-test";
		};
/* End PBXNativeTarget section */

/* Begin PBXProject section */
		24E99AB51B83A2670043F6B5 /* Project object */ = {
			isa = PBXProject;
			attributes = {
				LastUpgradeCheck = 0630;
				ORGANIZATIONNAME = Nik;
				TargetAttributes = {
					24E99ABC1B83A2670043F6B5 = {
						CreatedOnToolsVersion = 6.3.2;
					};
					24E99AD51B83A2680043F6B5 = {
						CreatedOnToolsVersion = 6.3.2;
						TestTargetID = 24E99ABC1B83A2670043F6B5;
					};
				};
			};
			buildConfigurationList = 24E99AB81B83A2670043F6B5 /* Build configuration list for PBXProject "GitTest" */;
			compatibilityVersion = "Xcode 3.2";
			developmentRegion = English;
			hasScannedForEncodings = 0;
			knownRegions = (
				en,
				Base,
			);
			mainGroup = 24E99AB41B83A2670043F6B5;
			productRefGroup = 24E99ABE1B83A2670043F6B5 /* Products */;
			projectDirPath = "";
			projectRoot = "";
			targets = (
				24E99ABC1B83A2670043F6B5 /* GitTest */,
				24E99AD51B83A2680043F6B5 /* GitTestTests */,
			);
		};
/* End PBXProject section */

/* Begin PBXResourcesBuildPhase section */
		24E99ABB1B83A2670043F6B5 /* Resources */ = {
			isa = PBXResourcesBuildPhase;
			buildActionMask = 2147483647;
			files = (
				24E99ACC1B83A2680043F6B5 /* Main.storyboard in Resources */,
				24E99AD11B83A2680043F6B5 /* LaunchScreen.xib in Resources */,
				24E99ACE1B83A2680043F6B5 /* Images.xcassets in Resources */,
			);
			runOnlyForDeploymentPostprocessing = 0;
		};
		24E99AD41B83A2680043F6B5 /* Resources */ = {
			isa = PBXResourcesBuildPhase;
			buildActionMask = 2147483647;
			files = (
			);
			runOnlyForDeploymentPostprocessing = 0;
		};
/* End PBXResourcesBuildPhase section */

/* Begin PBXSourcesBuildPhase section */
		24E99AB91B83A2670043F6B5 /* Sources */ = {
			isa = PBXSourcesBuildPhase;
			buildActionMask = 2147483647;
			files = (
				24E99AC91B83A2670043F6B5 /* ViewController.m in Sources */,
				24E99AC61B83A2670043F6B5 /* AppDelegate.m in Sources */,
				24E99AC31B83A2670043F6B5 /* main.m in Sources */,
			);
			runOnlyForDeploymentPostprocessing = 0;
		};
		24E99AD21B83A2680043F6B5 /* Sources */ = {
			isa = PBXSourcesBuildPhase;
			buildActionMask = 2147483647;
			files = (
				24E99ADD1B83A2680043F6B5 /* GitTestTests.m in Sources */,
			);
			runOnlyForDeploymentPostprocessing = 0;
		};
/* End PBXSourcesBuildPhase section */

/* Begin PBXTargetDependency section */
		24E99AD81B83A2680043F6B5 /* PBXTargetDependency */ = {
			isa = PBXTargetDependency;
			target = 24E99ABC1B83A2670043F6B5 /* GitTest */;
			targetProxy = 24E99AD71B83A2680043F6B5 /* PBXContainerItemProxy */;
		};
/* End PBXTargetDependency section */

/* Begin PBXVariantGroup section */
		24E99ACA1B83A2680043F6B5 /* Main.storyboard */ = {
			isa = PBXVariantGroup;
			children = (
				24E99ACB1B83A2680043F6B5 /* Base */,
			);
			name = Main.storyboard;
			sourceTree = "<group>";
		};
		24E99ACF1B83A2680043F6B5 /* LaunchScreen.xib */ = {
			isa = PBXVariantGroup;
			children = (
				24E99AD01B83A2680043F6B5 /* Base */,
			);
			name = LaunchScreen.xib;
			sourceTree = "<group>";
		};
/* End PBXVariantGroup section */

/* Begin XCBuildConfiguration section */
		24E99ADE1B83A2680043F6B5 /* Debug */ = {
			isa = XCBuildConfiguration;
			buildSettings = {
				ALWAYS_SEARCH_USER_PATHS = NO;
				CLANG_CXX_LANGUAGE_STANDARD = "gnu++0x";
				CLANG_CXX_LIBRARY = "libc++";
				CLANG_ENABLE_MODULES = YES;
				CLANG_ENABLE_OBJC_ARC = YES;
				CLANG_WARN_BOOL_CONVERSION = YES;
				CLANG_WARN_CONSTANT_CONVERSION = YES;
				CLANG_WARN_DIRECT_OBJC_ISA_USAGE = YES_ERROR;
				CLANG_WARN_EMPTY_BODY = YES;
				CLANG_WARN_ENUM_CONVERSION = YES;
				CLANG_WARN_INT_CONVERSION = YES;
				CLANG_WARN_OBJC_ROOT_CLASS = YES_ERROR;
				CLANG_WARN_UNREACHABLE_CODE = YES;
				CLANG_WARN__DUPLICATE_METHOD_MATCH = YES;
				"CODE_SIGN_IDENTITY[sdk=iphoneos*]" = "iPhone Developer";
				COPY_PHASE_STRIP = NO;
				DEBUG_INFORMATION_FORMAT = "dwarf-with-dsym";
				ENABLE_STRICT_OBJC_MSGSEND = YES;
				GCC_C_LANGUAGE_STANDARD = gnu99;
				GCC_DYNAMIC_NO_PIC = NO;
				GCC_NO_COMMON_BLOCKS = YES;
				GCC_OPTIMIZATION_LEVEL = 0;
				GCC_PREPROCESSOR_DEFINITIONS = (
					"DEBUG=1",
					"$(inherited)",
				);
				GCC_SYMBOLS_PRIVATE_EXTERN = NO;
				GCC_WARN_64_TO_32_BIT_CONVERSION = YES;
				GCC_WARN_ABOUT_RETURN_TYPE = YES_ERROR;
				GCC_WARN_UNDECLARED_SELECTOR = YES;
				GCC_WARN_UNINITIALIZED_AUTOS = YES_AGGRESSIVE;
				GCC_WARN_UNUSED_FUNCTION = YES;
				GCC_WARN_UNUSED_VARIABLE = YES;
				IPHONEOS_DEPLOYMENT_TARGET = 8.3;
				MTL_ENABLE_DEBUG_INFO = YES;
				ONLY_ACTIVE_ARCH = YES;
				SDKROOT = iphoneos;
			};
			name = Debug;
		};
		24E99ADF1B83A2680043F6B5 /* Release */ = {
			isa = XCBuildConfiguration;
			buildSettings = {
				ALWAYS_SEARCH_USER_PATHS = NO;
				CLANG_CXX_LANGUAGE_STANDARD = "gnu++0x";
				CLANG_CXX_LIBRARY = "libc++";
				CLANG_ENABLE_MODULES = YES;
				CLANG_ENABLE_OBJC_ARC = YES;
				CLANG_WARN_BOOL_CONVERSION = YES;
				CLANG_WARN_CONSTANT_CONVERSION = YES;
				CLANG_WARN_DIRECT_OBJC_ISA_USAGE = YES_ERROR;
				CLANG_WARN_EMPTY_BODY = YES;
				CLANG_WARN_ENUM_CONVERSION = YES;
				CLANG_WARN_INT_CONVERSION = YES;
				CLANG_WARN_OBJC_ROOT_CLASS = YES_ERROR;
				CLANG_WARN_UNREACHABLE_CODE = YES;
				CLANG_WARN__DUPLICATE_METHOD_MATCH = YES;
				"CODE_SIGN_IDENTITY[sdk=iphoneos*]" = "iPhone Developer";
				COPY_PHASE_STRIP = NO;
				DEBUG_INFORMATION_FORMAT = "dwarf-with-dsym";
				ENABLE_NS_ASSERTIONS = NO;
				ENABLE_STRICT_OBJC_MSGSEND = YES;
				GCC_C_LANGUAGE_STANDARD = gnu99;
				GCC_NO_COMMON_BLOCKS = YES;
				GCC_WARN_64_TO_32_BIT_CONVERSION = YES;
				GCC_WARN_ABOUT_RETURN_TYPE = YES_ERROR;
				GCC_WARN_UNDECLARED_SELECTOR = YES;
				GCC_WARN_UNINITIALIZED_AUTOS = YES_AGGRESSIVE;
				GCC_WARN_UNUSED_FUNCTION = YES;
				GCC_WARN_UNUSED_VARIABLE = YES;
				IPHONEOS_DEPLOYMENT_TARGET = 8.3;
				MTL_ENABLE_DEBUG_INFO = NO;
				SDKROOT = iphoneos;
				VALIDATE_PRODUCT = YES;
			};
			name = Release;
		};
		24E99AE11B83A2680043F6B5 /* Debug */ = {
			isa = XCBuildConfiguration;
			buildSettings = {
				ASSETCATALOG_COMPILER_APPICON_NAME = AppIcon;
				INFOPLIST_FILE = GitTest/Info.plist;
				LD_RUNPATH_SEARCH_PATHS = "$(inherited) @executable_path/Frameworks";
				PRODUCT_NAME = "$(TARGET_NAME)";
			};
			name = Debug;
		};
		24E99AE21B83A2680043F6B5 /* Release */ = {
			isa = XCBuildConfiguration;
			buildSettings = {
				ASSETCATALOG_COMPILER_APPICON_NAME = AppIcon;
				INFOPLIST_FILE = GitTest/Info.plist;
				LD_RUNPATH_SEARCH_PATHS = "$(inherited) @executable_path/Frameworks";
				PRODUCT_NAME = "$(TARGET_NAME)";
			};
			name = Release;
		};
		24E99AE41B83A2680043F6B5 /* Debug */ = {
			isa = XCBuildConfiguration;
			buildSettings = {
				BUNDLE_LOADER = "$(TEST_HOST)";
				FRAMEWORK_SEARCH_PATHS = (
					"$(SDKROOT)/Developer/Library/Frameworks",
					"$(inherited)",
				);
				GCC_PREPROCESSOR_DEFINITIONS = (
					"DEBUG=1",
					"$(inherited)",
				);
				INFOPLIST_FILE = GitTestTests/Info.plist;
				LD_RUNPATH_SEARCH_PATHS = "$(inherited) @executable_path/Frameworks @loader_path/Frameworks";
				PRODUCT_NAME = "$(TARGET_NAME)";
				TEST_HOST = "$(BUILT_PRODUCTS_DIR)/GitTest.app/GitTest";
			};
			name = Debug;
		};
		24E99AE51B83A2680043F6B5 /* Release */ = {
			isa = XCBuildConfiguration;
			buildSettings = {
				BUNDLE_LOADER = "$(TEST_HOST)";
				FRAMEWORK_SEARCH_PATHS = (
					"$(SDKROOT)/Developer/Library/Frameworks",
					"$(inherited)",
				);
				INFOPLIST_FILE = GitTestTests/Info.plist;
				LD_RUNPATH_SEARCH_PATHS = "$(inherited) @executable_path/Frameworks @loader_path/Frameworks";
				PRODUCT_NAME = "$(TARGET_NAME)";
				TEST_HOST = "$(BUILT_PRODUCTS_DIR)/GitTest.app/GitTest";
			};
			name = Release;
		};
/* End XCBuildConfiguration section */

/* Begin XCConfigurationList section */
		24E99AB81B83A2670043F6B5 /* Build configuration list for PBXProject "GitTest" */ = {
			isa = XCConfigurationList;
			buildConfigurations = (
				24E99ADE1B83A2680043F6B5 /* Debug */,
				24E99ADF1B83A2680043F6B5 /* Release */,
			);
			defaultConfigurationIsVisible = 0;
			defaultConfigurationName = Release;
		};
		24E99AE01B83A2680043F6B5 /* Build configuration list for PBXNativeTarget "GitTest" */ = {
			isa = XCConfigurationList;
			buildConfigurations = (
				24E99AE11B83A2680043F6B5 /* Debug */,
				24E99AE21B83A2680043F6B5 /* Release */,
			);
			defaultConfigurationIsVisible = 0;
		};
		24E99AE31B83A2680043F6B5 /* Build configuration list for PBXNativeTarget "GitTestTests" */ = {
			isa = XCConfigurationList;
			buildConfigurations = (
				24E99AE41B83A2680043F6B5 /* Debug */,
				24E99AE51B83A2680043F6B5 /* Release */,
			);
			defaultConfigurationIsVisible = 0;
		};
/* End XCConfigurationList section */
	};
	rootObject = 24E99AB51B83A2670043F6B5 /* Project object */;
}
